DEPENDENCIES
  erlang
  rabbitmq

GRAPH
  apt (2.6.0)
  build-essential (2.0.6)
  erlang (1.5.6)
    apt (>= 1.7.0)
    build-essential (>= 0.0.0)
    yum (~> 3.0)
    yum-epel (>= 0.0.0)
    yum-erlang_solutions (>= 0.0.0)
  rabbitmq (3.3.0)
    erlang (>= 0.9)
  yum (3.3.2)
  yum-epel (0.5.1)
    yum (~> 3.0)
  yum-erlang_solutions (0.2.0)
    yum (~> 3.0)
